<Solution>
  <Project Path="src/DevJobParser.Core/DevJobParser.Core.csproj" />
  <Project Path="src/DevJobParser.Infrastructure/DevJobParser.Infrastructure.csproj" />
  <Project Path="src/DevJobParser.Parsers.WorkUa/DevJobParser.Parsers.WorkUa.csproj" />
  <Project Path="src/DevJobParser.Api/DevJobParser.Api.csproj" />
</Solution>
